{
  "name": "logictest",
  "version": "1.0.0",
  "lockfileVersion": 2,
  "requires": true,
  "packages": {
    "": {
      "name": "logictest",
      "version": "1.0.0",
      "license": "ISC",
      "dependencies": {
        "json-find": "^2.0.8"
      }
    },
    "node_modules/json-find": {
      "version": "2.0.8",
      "resolved": "https://registry.npmjs.org/json-find/-/json-find-2.0.8.tgz",
      "integrity": "sha512-ZR38FSmUdN2UBG7VS1wLyMokhi4ZUwI3kLJzdKtjYRm3BNkJYAlPz7yFPhUYmuB1k7TCALf+6qs6bn0ZExGb5Q=="
    }
  },
  "dependencies": {
    "json-find": {
      "version": "2.0.8",
      "resolved": "https://registry.npmjs.org/json-find/-/json-find-2.0.8.tgz",
      "integrity": "sha512-ZR38FSmUdN2UBG7VS1wLyMokhi4ZUwI3kLJzdKtjYRm3BNkJYAlPz7yFPhUYmuB1k7TCALf+6qs6bn0ZExGb5Q=="
    }
  }
}
